{
    "version": 3,
    "terraform_version": "0.11.0",
    "serial": 3,
    "lineage": "79fef948-215f-479a-b271-1203df859ba6",
    "modules": [
        {
            "path": [
                "root"
            ],
            "outputs": {
                "version": {
                    "sensitive": false,
                    "type": "string",
                    "value": "16.04.201711211"
                }
            },
            "resources": {
                "azurerm_network_interface.shoptoolnic": {
                    "type": "azurerm_network_interface",
                    "depends_on": [
                        "azurerm_public_ip.shoptoolpublicip",
                        "azurerm_resource_group.shoptoolgroup",
                        "azurerm_subnet.shoptoolsubnet"
                    ],
                    "primary": {
                        "id": "/subscriptions/c574ca92-ad4a-4205-9f4b-ef2ad6d0a442/resourceGroups/ShopToolGroup/providers/Microsoft.Network/networkInterfaces/shoptoolNIC",
                        "attributes": {
                            "applied_dns_servers.#": "0",
                            "dns_servers.#": "0",
                            "enable_ip_forwarding": "false",
                            "id": "/subscriptions/c574ca92-ad4a-4205-9f4b-ef2ad6d0a442/resourceGroups/ShopToolGroup/providers/Microsoft.Network/networkInterfaces/shoptoolNIC",
                            "internal_dns_name_label": "",
                            "ip_configuration.#": "1",
                            "ip_configuration.0.load_balancer_backend_address_pools_ids.#": "0",
                            "ip_configuration.0.load_balancer_inbound_nat_rules_ids.#": "0",
                            "ip_configuration.0.name": "shoptoolNicConfiguration",
                            "ip_configuration.0.primary": "true",
                            "ip_configuration.0.private_ip_address": "",
                            "ip_configuration.0.private_ip_address_allocation": "dynamic",
                            "ip_configuration.0.public_ip_address_id": "/subscriptions/c574ca92-ad4a-4205-9f4b-ef2ad6d0a442/resourceGroups/ShopToolGroup/providers/Microsoft.Network/publicIPAddresses/shoptoolPublicIP",
                            "ip_configuration.0.subnet_id": "/subscriptions/c574ca92-ad4a-4205-9f4b-ef2ad6d0a442/resourceGroups/ShopToolGroup/providers/Microsoft.Network/virtualNetworks/shoptoolVnet/subnets/shoptoolSubnet",
                            "location": "westeurope",
                            "name": "shoptoolNIC",
                            "network_security_group_id": "",
                            "private_ip_address": "10.0.2.4",
                            "private_ip_addresses.#": "1",
                            "private_ip_addresses.0": "10.0.2.4",
                            "resource_group_name": "ShopToolGroup",
                            "tags.%": "1",
                            "tags.environment": "ShopTool tag"
                        },
                        "meta": {},
                        "tainted": false
                    },
                    "deposed": [],
                    "provider": "provider.azurerm"
                },
                "azurerm_network_security_group.shoptoolpublicipnsg": {
                    "type": "azurerm_network_security_group",
                    "depends_on": [
                        "azurerm_resource_group.shoptoolgroup"
                    ],
                    "primary": {
                        "id": "/subscriptions/c574ca92-ad4a-4205-9f4b-ef2ad6d0a442/resourceGroups/ShopToolGroup/providers/Microsoft.Network/networkSecurityGroups/shoptoolNetworkSecurityGroup",
                        "attributes": {
                            "id": "/subscriptions/c574ca92-ad4a-4205-9f4b-ef2ad6d0a442/resourceGroups/ShopToolGroup/providers/Microsoft.Network/networkSecurityGroups/shoptoolNetworkSecurityGroup",
                            "location": "westeurope",
                            "name": "shoptoolNetworkSecurityGroup",
                            "resource_group_name": "ShopToolGroup",
                            "security_rule.#": "1",
                            "security_rule.0.access": "Allow",
                            "security_rule.0.description": "",
                            "security_rule.0.destination_address_prefix": "*",
                            "security_rule.0.destination_port_range": "22",
                            "security_rule.0.direction": "Inbound",
                            "security_rule.0.name": "SSH",
                            "security_rule.0.priority": "1001",
                            "security_rule.0.protocol": "Tcp",
                            "security_rule.0.source_address_prefix": "*",
                            "security_rule.0.source_port_range": "*",
                            "tags.%": "1",
                            "tags.environment": "ShopTool tag"
                        },
                        "meta": {},
                        "tainted": false
                    },
                    "deposed": [],
                    "provider": "provider.azurerm"
                },
                "azurerm_public_ip.shoptoolpublicip": {
                    "type": "azurerm_public_ip",
                    "depends_on": [
                        "azurerm_resource_group.shoptoolgroup"
                    ],
                    "primary": {
                        "id": "/subscriptions/c574ca92-ad4a-4205-9f4b-ef2ad6d0a442/resourceGroups/ShopToolGroup/providers/Microsoft.Network/publicIPAddresses/shoptoolPublicIP",
                        "attributes": {
                            "id": "/subscriptions/c574ca92-ad4a-4205-9f4b-ef2ad6d0a442/resourceGroups/ShopToolGroup/providers/Microsoft.Network/publicIPAddresses/shoptoolPublicIP",
                            "location": "westeurope",
                            "name": "shoptoolPublicIP",
                            "public_ip_address_allocation": "dynamic",
                            "resource_group_name": "ShopToolGroup",
                            "tags.%": "1",
                            "tags.environment": "ShopTool tag"
                        },
                        "meta": {},
                        "tainted": false
                    },
                    "deposed": [],
                    "provider": "provider.azurerm"
                },
                "azurerm_resource_group.shoptoolgroup": {
                    "type": "azurerm_resource_group",
                    "depends_on": [],
                    "primary": {
                        "id": "/subscriptions/c574ca92-ad4a-4205-9f4b-ef2ad6d0a442/resourceGroups/ShopToolGroup",
                        "attributes": {
                            "id": "/subscriptions/c574ca92-ad4a-4205-9f4b-ef2ad6d0a442/resourceGroups/ShopToolGroup",
                            "location": "westeurope",
                            "name": "ShopToolGroup",
                            "tags.%": "1",
                            "tags.environment": "ShopTool tag"
                        },
                        "meta": {},
                        "tainted": false
                    },
                    "deposed": [],
                    "provider": "provider.azurerm"
                },
                "azurerm_subnet.shoptoolsubnet": {
                    "type": "azurerm_subnet",
                    "depends_on": [
                        "azurerm_resource_group.shoptoolgroup",
                        "azurerm_virtual_network.shoptoolnetwork"
                    ],
                    "primary": {
                        "id": "/subscriptions/c574ca92-ad4a-4205-9f4b-ef2ad6d0a442/resourceGroups/ShopToolGroup/providers/Microsoft.Network/virtualNetworks/shoptoolVnet/subnets/shoptoolSubnet",
                        "attributes": {
                            "address_prefix": "10.0.2.0/24",
                            "id": "/subscriptions/c574ca92-ad4a-4205-9f4b-ef2ad6d0a442/resourceGroups/ShopToolGroup/providers/Microsoft.Network/virtualNetworks/shoptoolVnet/subnets/shoptoolSubnet",
                            "ip_configurations.#": "1",
                            "ip_configurations.3278978065": "/subscriptions/c574ca92-ad4a-4205-9f4b-ef2ad6d0a442/resourceGroups/ShopToolGroup/providers/Microsoft.Network/networkInterfaces/shoptoolNIC/ipConfigurations/shoptoolNicConfiguration",
                            "name": "shoptoolSubnet",
                            "resource_group_name": "ShopToolGroup",
                            "virtual_network_name": "shoptoolVnet"
                        },
                        "meta": {},
                        "tainted": false
                    },
                    "deposed": [],
                    "provider": "provider.azurerm"
                },
                "azurerm_virtual_network.shoptoolnetwork": {
                    "type": "azurerm_virtual_network",
                    "depends_on": [
                        "azurerm_resource_group.shoptoolgroup"
                    ],
                    "primary": {
                        "id": "/subscriptions/c574ca92-ad4a-4205-9f4b-ef2ad6d0a442/resourceGroups/ShopToolGroup/providers/Microsoft.Network/virtualNetworks/shoptoolVnet",
                        "attributes": {
                            "address_space.#": "1",
                            "address_space.0": "10.0.0.0/16",
                            "dns_servers.#": "0",
                            "id": "/subscriptions/c574ca92-ad4a-4205-9f4b-ef2ad6d0a442/resourceGroups/ShopToolGroup/providers/Microsoft.Network/virtualNetworks/shoptoolVnet",
                            "location": "westeurope",
                            "name": "shoptoolVnet",
                            "resource_group_name": "ShopToolGroup",
                            "subnet.#": "1",
                            "subnet.1773928548.address_prefix": "10.0.2.0/24",
                            "subnet.1773928548.name": "shoptoolSubnet",
                            "subnet.1773928548.security_group": "",
                            "tags.%": "1",
                            "tags.environment": "ShopTool tag"
                        },
                        "meta": {},
                        "tainted": false
                    },
                    "deposed": [],
                    "provider": "provider.azurerm"
                },
                "data.azurerm_platform_image.test": {
                    "type": "azurerm_platform_image",
                    "depends_on": [],
                    "primary": {
                        "id": "/Subscriptions/c574ca92-ad4a-4205-9f4b-ef2ad6d0a442/Providers/Microsoft.Compute/Locations/westeurope/Publishers/Canonical/ArtifactTypes/VMImage/Offers/UbuntuServer/Skus/16.04-LTS/Versions/16.04.201711211",
                        "attributes": {
                            "id": "/Subscriptions/c574ca92-ad4a-4205-9f4b-ef2ad6d0a442/Providers/Microsoft.Compute/Locations/westeurope/Publishers/Canonical/ArtifactTypes/VMImage/Offers/UbuntuServer/Skus/16.04-LTS/Versions/16.04.201711211",
                            "location": "westeurope",
                            "offer": "UbuntuServer",
                            "publisher": "Canonical",
                            "sku": "16.04-LTS",
                            "version": "16.04.201711211"
                        },
                        "meta": {},
                        "tainted": false
                    },
                    "deposed": [],
                    "provider": "provider.azurerm"
                }
            },
            "depends_on": []
        }
    ]
}
